
Microsoft Visual Studio Solution File, Format Version 12.00
# Visual Studio 14
VisualStudioVersion = 14.0.25420.1
MinimumVisualStudioVersion = 10.0.40219.1
Project("{FAE04EC0-301F-11D3-BF4B-00C04F79EFBC}") = "MvcMusicStore", "MvcMusicStore\MvcMusicStore.csproj", "{28BA5D67-6CB1-44BB-A788-A5DFCA9C06C8}"
EndProject
Project("{FAE04EC0-301F-11D3-BF4B-00C04F79EFBC}") = "MvcMusicStore.Tests", "MvcMusicStore.Tests\MvcMusicStore.Tests.csproj", "{34C30980-48B0-4E9B-A094-123E8A60D600}"
EndProject
Global
	GlobalSection(SolutionConfigurationPlatforms) = preSolution
		Debug|Any CPU = Debug|Any CPU
		Release|Any CPU = Release|Any CPU
	EndGlobalSection
	GlobalSection(ProjectConfigurationPlatforms) = postSolution
		{28BA5D67-6CB1-44BB-A788-A5DFCA9C06C8}.Debug|Any CPU.ActiveCfg = Debug|Any CPU
		{28BA5D67-6CB1-44BB-A788-A5DFCA9C06C8}.Release|Any CPU.ActiveCfg = Release|Any CPU
		{28BA5D67-6CB1-44BB-A788-A5DFCA9C06C8}.Release|Any CPU.Build.0 = Release|Any CPU
		{34C30980-48B0-4E9B-A094-123E8A60D600}.Debug|Any CPU.ActiveCfg = Debug|Any CPU
		{34C30980-48B0-4E9B-A094-123E8A60D600}.Release|Any CPU.ActiveCfg = Release|Any CPU
		{34C30980-48B0-4E9B-A094-123E8A60D600}.Release|Any CPU.Build.0 = Release|Any CPU
	EndGlobalSection
	GlobalSection(SolutionProperties) = preSolution
		HideSolutionNode = FALSE
	EndGlobalSection
EndGlobal
